{
  "nodes": {
    "nixpkgs": {
      "locked": {
        "lastModified": 1736867362,
        "narHash": "sha256-i/UJ5I7HoqmFMwZEH6vAvBxOrjjOJNU739lnZnhUln8=",
        "rev": "9c6b49aeac36e2ed73a8c472f1546f6d9cf1addc",
        "revCount": 713159,
        "type": "tarball",
        "url": "https://api.flakehub.com/f/pinned/NixOS/nixpkgs/0.2411.713159%2Brev-9c6b49aeac36e2ed73a8c472f1546f6d9cf1addc/019466f9-7abd-7b44-8765-d64241124c4c/source.tar.gz"
      },
      "original": {
        "type": "tarball",
        "url": "https://flakehub.com/f/NixOS/nixpkgs/%2A"
      }
    },
    "root": {
      "inputs": {
        "nixpkgs": "nixpkgs"
      }
    }
  },
  "root": "root",
  "version": 7
}
